// !$*UTF8*$!
{
	archiveVersion = 1;
	classes = {
	};
	objectVersion = 48;
	objects = {

/* Begin PBXBuildFile section */
		AA1B1C3E1FD204A400FB9E2D /* SplitViewController.swift in Sources */ = {isa = PBXBuildFile; fileRef = AA1B1C3C1FD204A400FB9E2D /* SplitViewController.swift */; };
		AA1B1C411FD204B800FB9E2D /* ConvertViewController.swift in Sources */ = {isa = PBXBuildFile; fileRef = AA1B1C401FD204B800FB9E2D /* ConvertViewController.swift */; };
		AA494A321FCFC77E00BD6100 /* AppDelegate.swift in Sources */ = {isa = PBXBuildFile; fileRef = AA494A311FCFC77E00BD6100 /* AppDelegate.swift */; };
		AA494A341FCFC77E00BD6100 /* ViewController.swift in Sources */ = {isa = PBXBuildFile; fileRef = AA494A331FCFC77E00BD6100 /* ViewController.swift */; };
		AA494A361FCFC77E00BD6100 /* Assets.xcassets in Resources */ = {isa = PBXBuildFile; fileRef = AA494A351FCFC77E00BD6100 /* Assets.xcassets */; };
		AA494A391FCFC77E00BD6100 /* Main.storyboard in Resources */ = {isa = PBXBuildFile; fileRef = AA494A371FCFC77E00BD6100 /* Main.storyboard */; };
		AA494A451FCFC77E00BD6100 /* PDFConvertTests.swift in Sources */ = {isa = PBXBuildFile; fileRef = AA494A441FCFC77E00BD6100 /* PDFConvertTests.swift */; };
		AA494A501FCFC77E00BD6100 /* PDFConvertUITests.swift in Sources */ = {isa = PBXBuildFile; fileRef = AA494A4F1FCFC77E00BD6100 /* PDFConvertUITests.swift */; };
		AA494A5E1FCFDA2800BD6100 /* PDFWrapper.swift in Sources */ = {isa = PBXBuildFile; fileRef = AA494A5D1FCFDA2800BD6100 /* PDFWrapper.swift */; };
		AA494A601FCFDA3E00BD6100 /* CombineViewControler.swift in Sources */ = {isa = PBXBuildFile; fileRef = AA494A5F1FCFDA3E00BD6100 /* CombineViewControler.swift */; };
		AA7DD05E1FE5751C00784429 /* Extensions.swift in Sources */ = {isa = PBXBuildFile; fileRef = AA7DD05D1FE5751C00784429 /* Extensions.swift */; };
		AA868AF22002CC1C00073503 /* CustomTabViewController.swift in Sources */ = {isa = PBXBuildFile; fileRef = AA868AF12002CC1C00073503 /* CustomTabViewController.swift */; };
/* End PBXBuildFile section */

/* Begin PBXContainerItemProxy section */
		AA494A411FCFC77E00BD6100 /* PBXContainerItemProxy */ = {
			isa = PBXContainerItemProxy;
			containerPortal = AA494A261FCFC77E00BD6100 /* Project object */;
			proxyType = 1;
			remoteGlobalIDString = AA494A2D1FCFC77E00BD6100;
			remoteInfo = PDFConvert;
		};
		AA494A4C1FCFC77E00BD6100 /* PBXContainerItemProxy */ = {
			isa = PBXContainerItemProxy;
			containerPortal = AA494A261FCFC77E00BD6100 /* Project object */;
			proxyType = 1;
			remoteGlobalIDString = AA494A2D1FCFC77E00BD6100;
			remoteInfo = PDFConvert;
		};
/* End PBXContainerItemProxy section */

/* Begin PBXFileReference section */
		AA04DC561FE9587200FDF73F /* PDFOperations.entitlements */ = {isa = PBXFileReference; lastKnownFileType = text.plist.entitlements; path = PDFOperations.entitlements; sourceTree = "<group>"; };
		AA1B1C3C1FD204A400FB9E2D /* SplitViewController.swift */ = {isa = PBXFileReference; lastKnownFileType = sourcecode.swift; path = SplitViewController.swift; sourceTree = "<group>"; };
		AA1B1C401FD204B800FB9E2D /* ConvertViewController.swift */ = {isa = PBXFileReference; lastKnownFileType = sourcecode.swift; path = ConvertViewController.swift; sourceTree = "<group>"; };
		AA494A2E1FCFC77E00BD6100 /* PDFOperations.app */ = {isa = PBXFileReference; explicitFileType = wrapper.application; includeInIndex = 0; path = PDFOperations.app; sourceTree = BUILT_PRODUCTS_DIR; };
		AA494A311FCFC77E00BD6100 /* AppDelegate.swift */ = {isa = PBXFileReference; lastKnownFileType = sourcecode.swift; path = AppDelegate.swift; sourceTree = "<group>"; };
		AA494A331FCFC77E00BD6100 /* ViewController.swift */ = {isa = PBXFileReference; lastKnownFileType = sourcecode.swift; path = ViewController.swift; sourceTree = "<group>"; };
		AA494A351FCFC77E00BD6100 /* Assets.xcassets */ = {isa = PBXFileReference; lastKnownFileType = folder.assetcatalog; path = Assets.xcassets; sourceTree = "<group>"; };
		AA494A381FCFC77E00BD6100 /* Base */ = {isa = PBXFileReference; lastKnownFileType = file.storyboard; name = Base; path = Base.lproj/Main.storyboard; sourceTree = "<group>"; };
		AA494A3A1FCFC77E00BD6100 /* Info.plist */ = {isa = PBXFileReference; lastKnownFileType = text.plist.xml; path = Info.plist; sourceTree = "<group>"; };
		AA494A3B1FCFC77E00BD6100 /* PDFConvert.entitlements */ = {isa = PBXFileReference; lastKnownFileType = text.plist.entitlements; path = PDFConvert.entitlements; sourceTree = "<group>"; };
		AA494A401FCFC77E00BD6100 /* PDFOperationsTests.xctest */ = {isa = PBXFileReference; explicitFileType = wrapper.cfbundle; includeInIndex = 0; path = PDFOperationsTests.xctest; sourceTree = BUILT_PRODUCTS_DIR; };
		AA494A441FCFC77E00BD6100 /* PDFConvertTests.swift */ = {isa = PBXFileReference; lastKnownFileType = sourcecode.swift; path = PDFConvertTests.swift; sourceTree = "<group>"; };
		AA494A461FCFC77E00BD6100 /* Info.plist */ = {isa = PBXFileReference; lastKnownFileType = text.plist.xml; path = Info.plist; sourceTree = "<group>"; };
		AA494A4B1FCFC77E00BD6100 /* PDFOperationsUITests.xctest */ = {isa = PBXFileReference; explicitFileType = wrapper.cfbundle; includeInIndex = 0; path = PDFOperationsUITests.xctest; sourceTree = BUILT_PRODUCTS_DIR; };
		AA494A4F1FCFC77E00BD6100 /* PDFConvertUITests.swift */ = {isa = PBXFileReference; lastKnownFileType = sourcecode.swift; path = PDFConvertUITests.swift; sourceTree = "<group>"; };
		AA494A511FCFC77E00BD6100 /* Info.plist */ = {isa = PBXFileReference; lastKnownFileType = text.plist.xml; path = Info.plist; sourceTree = "<group>"; };
		AA494A5D1FCFDA2800BD6100 /* PDFWrapper.swift */ = {isa = PBXFileReference; lastKnownFileType = sourcecode.swift; path = PDFWrapper.swift; sourceTree = "<group>"; };
		AA494A5F1FCFDA3E00BD6100 /* CombineViewControler.swift */ = {isa = PBXFileReference; lastKnownFileType = sourcecode.swift; path = CombineViewControler.swift; sourceTree = "<group>"; };
		AA7DD05D1FE5751C00784429 /* Extensions.swift */ = {isa = PBXFileReference; lastKnownFileType = sourcecode.swift; path = Extensions.swift; sourceTree = "<group>"; };
		AA868AF12002CC1C00073503 /* CustomTabViewController.swift */ = {isa = PBXFileReference; lastKnownFileType = sourcecode.swift; path = CustomTabViewController.swift; sourceTree = "<group>"; };
/* End PBXFileReference section */

/* Begin PBXFrameworksBuildPhase section */
		AA494A2B1FCFC77E00BD6100 /* Frameworks */ = {
			isa = PBXFrameworksBuildPhase;
			buildActionMask = 2147483647;
			files = (
			);
			runOnlyForDeploymentPostprocessing = 0;
		};
		AA494A3D1FCFC77E00BD6100 /* Frameworks */ = {
			isa = PBXFrameworksBuildPhase;
			buildActionMask = 2147483647;
			files = (
			);
			runOnlyForDeploymentPostprocessing = 0;
		};
		AA494A481FCFC77E00BD6100 /* Frameworks */ = {
			isa = PBXFrameworksBuildPhase;
			buildActionMask = 2147483647;
			files = (
			);
			runOnlyForDeploymentPostprocessing = 0;
		};
/* End PBXFrameworksBuildPhase section */

/* Begin PBXGroup section */
		AA494A251FCFC77E00BD6100 = {
			isa = PBXGroup;
			children = (
				AA04DC561FE9587200FDF73F /* PDFOperations.entitlements */,
				AA494A301FCFC77E00BD6100 /* PDFConvert */,
				AA494A431FCFC77E00BD6100 /* PDFConvertTests */,
				AA494A4E1FCFC77E00BD6100 /* PDFConvertUITests */,
				AA494A2F1FCFC77E00BD6100 /* Products */,
			);
			sourceTree = "<group>";
		};
		AA494A2F1FCFC77E00BD6100 /* Products */ = {
			isa = PBXGroup;
			children = (
				AA494A2E1FCFC77E00BD6100 /* PDFOperations.app */,
				AA494A401FCFC77E00BD6100 /* PDFOperationsTests.xctest */,
				AA494A4B1FCFC77E00BD6100 /* PDFOperationsUITests.xctest */,
			);
			name = Products;
			sourceTree = "<group>";
		};
		AA494A301FCFC77E00BD6100 /* PDFConvert */ = {
			isa = PBXGroup;
			children = (
				AA494A311FCFC77E00BD6100 /* AppDelegate.swift */,
				AA494A331FCFC77E00BD6100 /* ViewController.swift */,
				AA868AF12002CC1C00073503 /* CustomTabViewController.swift */,
				AA494A5F1FCFDA3E00BD6100 /* CombineViewControler.swift */,
				AA1B1C3C1FD204A400FB9E2D /* SplitViewController.swift */,
				AA1B1C401FD204B800FB9E2D /* ConvertViewController.swift */,
				AA494A5D1FCFDA2800BD6100 /* PDFWrapper.swift */,
				AA7DD05D1FE5751C00784429 /* Extensions.swift */,
				AA494A351FCFC77E00BD6100 /* Assets.xcassets */,
				AA494A371FCFC77E00BD6100 /* Main.storyboard */,
				AA494A3A1FCFC77E00BD6100 /* Info.plist */,
				AA494A3B1FCFC77E00BD6100 /* PDFConvert.entitlements */,
			);
			path = PDFConvert;
			sourceTree = "<group>";
		};
		AA494A431FCFC77E00BD6100 /* PDFConvertTests */ = {
			isa = PBXGroup;
			children = (
				AA494A441FCFC77E00BD6100 /* PDFConvertTests.swift */,
				AA494A461FCFC77E00BD6100 /* Info.plist */,
			);
			path = PDFConvertTests;
			sourceTree = "<group>";
		};
		AA494A4E1FCFC77E00BD6100 /* PDFConvertUITests */ = {
			isa = PBXGroup;
			children = (
				AA494A4F1FCFC77E00BD6100 /* PDFConvertUITests.swift */,
				AA494A511FCFC77E00BD6100 /* Info.plist */,
			);
			path = PDFConvertUITests;
			sourceTree = "<group>";
		};
/* End PBXGroup section */

/* Begin PBXNativeTarget section */
		AA494A2D1FCFC77E00BD6100 /* PDFOperations */ = {
			isa = PBXNativeTarget;
			buildConfigurationList = AA494A541FCFC77E00BD6100 /* Build configuration list for PBXNativeTarget "PDFOperations" */;
			buildPhases = (
				AA494A2A1FCFC77E00BD6100 /* Sources */,
				AA494A2B1FCFC77E00BD6100 /* Frameworks */,
				AA494A2C1FCFC77E00BD6100 /* Resources */,
			);
			buildRules = (
			);
			dependencies = (
			);
			name = PDFOperations;
			productName = PDFConvert;
			productReference = AA494A2E1FCFC77E00BD6100 /* PDFOperations.app */;
			productType = "com.apple.product-type.application";
		};
		AA494A3F1FCFC77E00BD6100 /* PDFOperationsTests */ = {
			isa = PBXNativeTarget;
			buildConfigurationList = AA494A571FCFC77E00BD6100 /* Build configuration list for PBXNativeTarget "PDFOperationsTests" */;
			buildPhases = (
				AA494A3C1FCFC77E00BD6100 /* Sources */,
				AA494A3D1FCFC77E00BD6100 /* Frameworks */,
				AA494A3E1FCFC77E00BD6100 /* Resources */,
			);
			buildRules = (
			);
			dependencies = (
				AA494A421FCFC77E00BD6100 /* PBXTargetDependency */,
			);
			name = PDFOperationsTests;
			productName = PDFConvertTests;
			productReference = AA494A401FCFC77E00BD6100 /* PDFOperationsTests.xctest */;
			productType = "com.apple.product-type.bundle.unit-test";
		};
		AA494A4A1FCFC77E00BD6100 /* PDFOperationsUITests */ = {
			isa = PBXNativeTarget;
			buildConfigurationList = AA494A5A1FCFC77E00BD6100 /* Build configuration list for PBXNativeTarget "PDFOperationsUITests" */;
			buildPhases = (
				AA494A471FCFC77E00BD6100 /* Sources */,
				AA494A481FCFC77E00BD6100 /* Frameworks */,
				AA494A491FCFC77E00BD6100 /* Resources */,
			);
			buildRules = (
			);
			dependencies = (
				AA494A4D1FCFC77E00BD6100 /* PBXTargetDependency */,
			);
			name = PDFOperationsUITests;
			productName = PDFConvertUITests;
			productReference = AA494A4B1FCFC77E00BD6100 /* PDFOperationsUITests.xctest */;
			productType = "com.apple.product-type.bundle.ui-testing";
		};
/* End PBXNativeTarget section */

/* Begin PBXProject section */
		AA494A261FCFC77E00BD6100 /* Project object */ = {
			isa = PBXProject;
			attributes = {
				LastSwiftUpdateCheck = 0910;
				LastUpgradeCheck = 0940;
				ORGANIZATIONNAME = steve;
				TargetAttributes = {
					AA494A2D1FCFC77E00BD6100 = {
						CreatedOnToolsVersion = 9.1;
						ProvisioningStyle = Automatic;
						SystemCapabilities = {
							com.apple.Sandbox = {
								enabled = 1;
							};
						};
					};
					AA494A3F1FCFC77E00BD6100 = {
						CreatedOnToolsVersion = 9.1;
						ProvisioningStyle = Automatic;
						TestTargetID = AA494A2D1FCFC77E00BD6100;
					};
					AA494A4A1FCFC77E00BD6100 = {
						CreatedOnToolsVersion = 9.1;
						ProvisioningStyle = Automatic;
						TestTargetID = AA494A2D1FCFC77E00BD6100;
					};
				};
			};
			buildConfigurationList = AA494A291FCFC77E00BD6100 /* Build configuration list for PBXProject "PDFOperations" */;
			compatibilityVersion = "Xcode 8.0";
			developmentRegion = en;
			hasScannedForEncodings = 0;
			knownRegions = (
				en,
				Base,
			);
			mainGroup = AA494A251FCFC77E00BD6100;
			productRefGroup = AA494A2F1FCFC77E00BD6100 /* Products */;
			projectDirPath = "";
			projectRoot = "";
			targets = (
				AA494A2D1FCFC77E00BD6100 /* PDFOperations */,
				AA494A3F1FCFC77E00BD6100 /* PDFOperationsTests */,
				AA494A4A1FCFC77E00BD6100 /* PDFOperationsUITests */,
			);
		};
/* End PBXProject section */

/* Begin PBXResourcesBuildPhase section */
		AA494A2C1FCFC77E00BD6100 /* Resources */ = {
			isa = PBXResourcesBuildPhase;
			buildActionMask = 2147483647;
			files = (
				AA494A361FCFC77E00BD6100 /* Assets.xcassets in Resources */,
				AA494A391FCFC77E00BD6100 /* Main.storyboard in Resources */,
			);
			runOnlyForDeploymentPostprocessing = 0;
		};
		AA494A3E1FCFC77E00BD6100 /* Resources */ = {
			isa = PBXResourcesBuildPhase;
			buildActionMask = 2147483647;
			files = (
			);
			runOnlyForDeploymentPostprocessing = 0;
		};
		AA494A491FCFC77E00BD6100 /* Resources */ = {
			isa = PBXResourcesBuildPhase;
			buildActionMask = 2147483647;
			files = (
			);
			runOnlyForDeploymentPostprocessing = 0;
		};
/* End PBXResourcesBuildPhase section */

/* Begin PBXSourcesBuildPhase section */
		AA494A2A1FCFC77E00BD6100 /* Sources */ = {
			isa = PBXSourcesBuildPhase;
			buildActionMask = 2147483647;
			files = (
				AA1B1C3E1FD204A400FB9E2D /* SplitViewController.swift in Sources */,
				AA868AF22002CC1C00073503 /* CustomTabViewController.swift in Sources */,
				AA494A341FCFC77E00BD6100 /* ViewController.swift in Sources */,
				AA1B1C411FD204B800FB9E2D /* ConvertViewController.swift in Sources */,
				AA494A321FCFC77E00BD6100 /* AppDelegate.swift in Sources */,
				AA494A5E1FCFDA2800BD6100 /* PDFWrapper.swift in Sources */,
				AA494A601FCFDA3E00BD6100 /* CombineViewControler.swift in Sources */,
				AA7DD05E1FE5751C00784429 /* Extensions.swift in Sources */,
			);
			runOnlyForDeploymentPostprocessing = 0;
		};
		AA494A3C1FCFC77E00BD6100 /* Sources */ = {
			isa = PBXSourcesBuildPhase;
			buildActionMask = 2147483647;
			files = (
				AA494A451FCFC77E00BD6100 /* PDFConvertTests.swift in Sources */,
			);
			runOnlyForDeploymentPostprocessing = 0;
		};
		AA494A471FCFC77E00BD6100 /* Sources */ = {
			isa = PBXSourcesBuildPhase;
			buildActionMask = 2147483647;
			files = (
				AA494A501FCFC77E00BD6100 /* PDFConvertUITests.swift in Sources */,
			);
			runOnlyForDeploymentPostprocessing = 0;
		};
/* End PBXSourcesBuildPhase section */

/* Begin PBXTargetDependency section */
		AA494A421FCFC77E00BD6100 /* PBXTargetDependency */ = {
			isa = PBXTargetDependency;
			target = AA494A2D1FCFC77E00BD6100 /* PDFOperations */;
			targetProxy = AA494A411FCFC77E00BD6100 /* PBXContainerItemProxy */;
		};
		AA494A4D1FCFC77E00BD6100 /* PBXTargetDependency */ = {
			isa = PBXTargetDependency;
			target = AA494A2D1FCFC77E00BD6100 /* PDFOperations */;
			targetProxy = AA494A4C1FCFC77E00BD6100 /* PBXContainerItemProxy */;
		};
/* End PBXTargetDependency section */

/* Begin PBXVariantGroup section */
		AA494A371FCFC77E00BD6100 /* Main.storyboard */ = {
			isa = PBXVariantGroup;
			children = (
				AA494A381FCFC77E00BD6100 /* Base */,
			);
			name = Main.storyboard;
			sourceTree = "<group>";
		};
/* End PBXVariantGroup section */

/* Begin XCBuildConfiguration section */
		AA494A521FCFC77E00BD6100 /* Debug */ = {
			isa = XCBuildConfiguration;
			buildSettings = {
				ALWAYS_SEARCH_USER_PATHS = NO;
				CLANG_ANALYZER_NONNULL = YES;
				CLANG_ANALYZER_NUMBER_OBJECT_CONVERSION = YES_AGGRESSIVE;
				CLANG_CXX_LANGUAGE_STANDARD = "gnu++14";
				CLANG_CXX_LIBRARY = "libc++";
				CLANG_ENABLE_MODULES = YES;
				CLANG_ENABLE_OBJC_ARC = YES;
				CLANG_WARN_BLOCK_CAPTURE_AUTORELEASING = YES;
				CLANG_WARN_BOOL_CONVERSION = YES;
				CLANG_WARN_COMMA = YES;
				CLANG_WARN_CONSTANT_CONVERSION = YES;
				CLANG_WARN_DEPRECATED_OBJC_IMPLEMENTATIONS = YES;
				CLANG_WARN_DIRECT_OBJC_ISA_USAGE = YES_ERROR;
				CLANG_WARN_DOCUMENTATION_COMMENTS = YES;
				CLANG_WARN_EMPTY_BODY = YES;
				CLANG_WARN_ENUM_CONVERSION = YES;
				CLANG_WARN_INFINITE_RECURSION = YES;
				CLANG_WARN_INT_CONVERSION = YES;
				CLANG_WARN_NON_LITERAL_NULL_CONVERSION = YES;
				CLANG_WARN_OBJC_IMPLICIT_RETAIN_SELF = YES;
				CLANG_WARN_OBJC_LITERAL_CONVERSION = YES;
				CLANG_WARN_OBJC_ROOT_CLASS = YES_ERROR;
				CLANG_WARN_RANGE_LOOP_ANALYSIS = YES;
				CLANG_WARN_STRICT_PROTOTYPES = YES;
				CLANG_WARN_SUSPICIOUS_MOVE = YES;
				CLANG_WARN_UNGUARDED_AVAILABILITY = YES_AGGRESSIVE;
				CLANG_WARN_UNREACHABLE_CODE = YES;
				CLANG_WARN__DUPLICATE_METHOD_MATCH = YES;
				CODE_SIGN_IDENTITY = "Mac Developer";
				COPY_PHASE_STRIP = NO;
				DEBUG_INFORMATION_FORMAT = dwarf;
				ENABLE_STRICT_OBJC_MSGSEND = YES;
				ENABLE_TESTABILITY = YES;
				GCC_C_LANGUAGE_STANDARD = gnu11;
				GCC_DYNAMIC_NO_PIC = NO;
				GCC_NO_COMMON_BLOCKS = YES;
				GCC_OPTIMIZATION_LEVEL = 0;
				GCC_PREPROCESSOR_DEFINITIONS = (
					"DEBUG=1",
					"$(inherited)",
				);
				GCC_WARN_64_TO_32_BIT_CONVERSION = YES;
				GCC_WARN_ABOUT_RETURN_TYPE = YES_ERROR;
				GCC_WARN_UNDECLARED_SELECTOR = YES;
				GCC_WARN_UNINITIALIZED_AUTOS = YES_AGGRESSIVE;
				GCC_WARN_UNUSED_FUNCTION = YES;
				GCC_WARN_UNUSED_VARIABLE = YES;
				MACOSX_DEPLOYMENT_TARGET = 10.12;
				MTL_ENABLE_DEBUG_INFO = YES;
				ONLY_ACTIVE_ARCH = YES;
				SDKROOT = macosx;
				SWIFT_ACTIVE_COMPILATION_CONDITIONS = DEBUG;
				SWIFT_OPTIMIZATION_LEVEL = "-Onone";
			};
			name = Debug;
		};
		AA494A531FCFC77E00BD6100 /* Release */ = {
			isa = XCBuildConfiguration;
			buildSettings = {
				ALWAYS_SEARCH_USER_PATHS = NO;
				CLANG_ANALYZER_NONNULL = YES;
				CLANG_ANALYZER_NUMBER_OBJECT_CONVERSION = YES_AGGRESSIVE;
				CLANG_CXX_LANGUAGE_STANDARD = "gnu++14";
				CLANG_CXX_LIBRARY = "libc++";
				CLANG_ENABLE_MODULES = YES;
				CLANG_ENABLE_OBJC_ARC = YES;
				CLANG_WARN_BLOCK_CAPTURE_AUTORELEASING = YES;
				CLANG_WARN_BOOL_CONVERSION = YES;
				CLANG_WARN_COMMA = YES;
				CLANG_WARN_CONSTANT_CONVERSION = YES;
				CLANG_WARN_DEPRECATED_OBJC_IMPLEMENTATIONS = YES;
				CLANG_WARN_DIRECT_OBJC_ISA_USAGE = YES_ERROR;
				CLANG_WARN_DOCUMENTATION_COMMENTS = YES;
				CLANG_WARN_EMPTY_BODY = YES;
				CLANG_WARN_ENUM_CONVERSION = YES;
				CLANG_WARN_INFINITE_RECURSION = YES;
				CLANG_WARN_INT_CONVERSION = YES;
				CLANG_WARN_NON_LITERAL_NULL_CONVERSION = YES;
				CLANG_WARN_OBJC_IMPLICIT_RETAIN_SELF = YES;
				CLANG_WARN_OBJC_LITERAL_CONVERSION = YES;
				CLANG_WARN_OBJC_ROOT_CLASS = YES_ERROR;
				CLANG_WARN_RANGE_LOOP_ANALYSIS = YES;
				CLANG_WARN_STRICT_PROTOTYPES = YES;
				CLANG_WARN_SUSPICIOUS_MOVE = YES;
				CLANG_WARN_UNGUARDED_AVAILABILITY = YES_AGGRESSIVE;
				CLANG_WARN_UNREACHABLE_CODE = YES;
				CLANG_WARN__DUPLICATE_METHOD_MATCH = YES;
				CODE_SIGN_IDENTITY = "Mac Developer";
				COPY_PHASE_STRIP = NO;
				DEBUG_INFORMATION_FORMAT = "dwarf-with-dsym";
				ENABLE_NS_ASSERTIONS = NO;
				ENABLE_STRICT_OBJC_MSGSEND = YES;
				GCC_C_LANGUAGE_STANDARD = gnu11;
				GCC_NO_COMMON_BLOCKS = YES;
				GCC_WARN_64_TO_32_BIT_CONVERSION = YES;
				GCC_WARN_ABOUT_RETURN_TYPE = YES_ERROR;
				GCC_WARN_UNDECLARED_SELECTOR = YES;
				GCC_WARN_UNINITIALIZED_AUTOS = YES_AGGRESSIVE;
				GCC_WARN_UNUSED_FUNCTION = YES;
				GCC_WARN_UNUSED_VARIABLE = YES;
				MACOSX_DEPLOYMENT_TARGET = 10.12;
				MTL_ENABLE_DEBUG_INFO = NO;
				SDKROOT = macosx;
				SWIFT_OPTIMIZATION_LEVEL = "-Owholemodule";
			};
			name = Release;
		};
		AA494A551FCFC77E00BD6100 /* Debug */ = {
			isa = XCBuildConfiguration;
			buildSettings = {
				ASSETCATALOG_COMPILER_APPICON_NAME = AppIcon;
				CODE_SIGN_ENTITLEMENTS = PDFOperations.entitlements;
				CODE_SIGN_IDENTITY = "Mac Developer";
				CODE_SIGN_STYLE = Automatic;
				COMBINE_HIDPI_IMAGES = YES;
				DEVELOPMENT_TEAM = EPDF3ATTJ8;
				INFOPLIST_FILE = PDFConvert/Info.plist;
				LD_RUNPATH_SEARCH_PATHS = "$(inherited) @executable_path/../Frameworks";
				PRODUCT_BUNDLE_IDENTIFIER = com.steve.PDFOperations;
				PRODUCT_NAME = "$(TARGET_NAME)";
				PROVISIONING_PROFILE = "";
				PROVISIONING_PROFILE_SPECIFIER = "";
				SWIFT_VERSION = 4.0;
			};
			name = Debug;
		};
		AA494A561FCFC77E00BD6100 /* Release */ = {
			isa = XCBuildConfiguration;
			buildSettings = {
				ASSETCATALOG_COMPILER_APPICON_NAME = AppIcon;
				CODE_SIGN_ENTITLEMENTS = PDFOperations.entitlements;
				CODE_SIGN_IDENTITY = "Mac Developer";
				CODE_SIGN_STYLE = Automatic;
				COMBINE_HIDPI_IMAGES = YES;
				DEVELOPMENT_TEAM = EPDF3ATTJ8;
				INFOPLIST_FILE = PDFConvert/Info.plist;
				LD_RUNPATH_SEARCH_PATHS = "$(inherited) @executable_path/../Frameworks";
				PRODUCT_BUNDLE_IDENTIFIER = com.steve.PDFOperations;
				PRODUCT_NAME = "$(TARGET_NAME)";
				PROVISIONING_PROFILE = "";
				PROVISIONING_PROFILE_SPECIFIER = "";
				SWIFT_VERSION = 4.0;
			};
			name = Release;
		};
		AA494A581FCFC77E00BD6100 /* Debug */ = {
			isa = XCBuildConfiguration;
			buildSettings = {
				ALWAYS_EMBED_SWIFT_STANDARD_LIBRARIES = YES;
				BUNDLE_LOADER = "$(TEST_HOST)";
				CODE_SIGN_STYLE = Automatic;
				COMBINE_HIDPI_IMAGES = YES;
				DEVELOPMENT_TEAM = EPDF3ATTJ8;
				INFOPLIST_FILE = PDFConvertTests/Info.plist;
				LD_RUNPATH_SEARCH_PATHS = "$(inherited) @executable_path/../Frameworks @loader_path/../Frameworks";
				PRODUCT_BUNDLE_IDENTIFIER = com.pdfconvert.PDFConvertTests;
				PRODUCT_NAME = "$(TARGET_NAME)";
				SWIFT_VERSION = 4.0;
				TEST_HOST = "$(BUILT_PRODUCTS_DIR)/PDFOperations.app/Contents/MacOS/PDFOperations";
			};
			name = Debug;
		};
		AA494A591FCFC77E00BD6100 /* Release */ = {
			isa = XCBuildConfiguration;
			buildSettings = {
				ALWAYS_EMBED_SWIFT_STANDARD_LIBRARIES = YES;
				BUNDLE_LOADER = "$(TEST_HOST)";
				CODE_SIGN_STYLE = Automatic;
				COMBINE_HIDPI_IMAGES = YES;
				DEVELOPMENT_TEAM = EPDF3ATTJ8;
				INFOPLIST_FILE = PDFConvertTests/Info.plist;
				LD_RUNPATH_SEARCH_PATHS = "$(inherited) @executable_path/../Frameworks @loader_path/../Frameworks";
				PRODUCT_BUNDLE_IDENTIFIER = com.pdfconvert.PDFConvertTests;
				PRODUCT_NAME = "$(TARGET_NAME)";
				SWIFT_VERSION = 4.0;
				TEST_HOST = "$(BUILT_PRODUCTS_DIR)/PDFOperations.app/Contents/MacOS/PDFOperations";
			};
			name = Release;
		};
		AA494A5B1FCFC77E00BD6100 /* Debug */ = {
			isa = XCBuildConfiguration;
			buildSettings = {
				ALWAYS_EMBED_SWIFT_STANDARD_LIBRARIES = YES;
				CODE_SIGN_STYLE = Automatic;
				COMBINE_HIDPI_IMAGES = YES;
				DEVELOPMENT_TEAM = EPDF3ATTJ8;
				INFOPLIST_FILE = PDFConvertUITests/Info.plist;
				LD_RUNPATH_SEARCH_PATHS = "$(inherited) @executable_path/../Frameworks @loader_path/../Frameworks";
				PRODUCT_BUNDLE_IDENTIFIER = com.pdfconvert.PDFConvertUITests;
				PRODUCT_NAME = "$(TARGET_NAME)";
				SWIFT_VERSION = 4.0;
				TEST_TARGET_NAME = PDFConvert;
			};
			name = Debug;
		};
		AA494A5C1FCFC77E00BD6100 /* Release */ = {
			isa = XCBuildConfiguration;
			buildSettings = {
				ALWAYS_EMBED_SWIFT_STANDARD_LIBRARIES = YES;
				CODE_SIGN_STYLE = Automatic;
				COMBINE_HIDPI_IMAGES = YES;
				DEVELOPMENT_TEAM = EPDF3ATTJ8;
				INFOPLIST_FILE = PDFConvertUITests/Info.plist;
				LD_RUNPATH_SEARCH_PATHS = "$(inherited) @executable_path/../Frameworks @loader_path/../Frameworks";
				PRODUCT_BUNDLE_IDENTIFIER = com.pdfconvert.PDFConvertUITests;
				PRODUCT_NAME = "$(TARGET_NAME)";
				SWIFT_VERSION = 4.0;
				TEST_TARGET_NAME = PDFConvert;
			};
			name = Release;
		};
/* End XCBuildConfiguration section */

/* Begin XCConfigurationList section */
		AA494A291FCFC77E00BD6100 /* Build configuration list for PBXProject "PDFOperations" */ = {
			isa = XCConfigurationList;
			buildConfigurations = (
				AA494A521FCFC77E00BD6100 /* Debug */,
				AA494A531FCFC77E00BD6100 /* Release */,
			);
			defaultConfigurationIsVisible = 0;
			defaultConfigurationName = Release;
		};
		AA494A541FCFC77E00BD6100 /* Build configuration list for PBXNativeTarget "PDFOperations" */ = {
			isa = XCConfigurationList;
			buildConfigurations = (
				AA494A551FCFC77E00BD6100 /* Debug */,
				AA494A561FCFC77E00BD6100 /* Release */,
			);
			defaultConfigurationIsVisible = 0;
			defaultConfigurationName = Release;
		};
		AA494A571FCFC77E00BD6100 /* Build configuration list for PBXNativeTarget "PDFOperationsTests" */ = {
			isa = XCConfigurationList;
			buildConfigurations = (
				AA494A581FCFC77E00BD6100 /* Debug */,
				AA494A591FCFC77E00BD6100 /* Release */,
			);
			defaultConfigurationIsVisible = 0;
			defaultConfigurationName = Release;
		};
		AA494A5A1FCFC77E00BD6100 /* Build configuration list for PBXNativeTarget "PDFOperationsUITests" */ = {
			isa = XCConfigurationList;
			buildConfigurations = (
				AA494A5B1FCFC77E00BD6100 /* Debug */,
				AA494A5C1FCFC77E00BD6100 /* Release */,
			);
			defaultConfigurationIsVisible = 0;
			defaultConfigurationName = Release;
		};
/* End XCConfigurationList section */
	};
	rootObject = AA494A261FCFC77E00BD6100 /* Project object */;
}
